
Microsoft Visual Studio Solution File, Format Version 12.00
# Visual Studio 15
VisualStudioVersion = 15.0.28307.168
MinimumVisualStudioVersion = 10.0.40219.1
Project("{A07B5EB6-E848-4116-A8D0-A826331D98C6}") = "server", "server\server.sfproj", "{DA9FA2B4-4C5E-44B1-8393-F1B1AF243230}"
EndProject
Project("{9A19103F-16F7-4668-BE54-9A1E7A4F7556}") = "User", "User\User.csproj", "{5460600B-AE67-4D56-A2A9-139E9F995BFC}"
EndProject
Project("{9A19103F-16F7-4668-BE54-9A1E7A4F7556}") = "User.Interfaces", "User.Interfaces\User.Interfaces.csproj", "{6DBBF937-2186-41E4-A9CF-E19A914B012A}"
EndProject
Project("{9A19103F-16F7-4668-BE54-9A1E7A4F7556}") = "API", "API\API.csproj", "{DB7EB7B3-E09C-4C22-9588-09B951C51EC9}"
EndProject
Project("{9A19103F-16F7-4668-BE54-9A1E7A4F7556}") = "InvitationCode", "InvitationCode\InvitationCode.csproj", "{252620EF-AB46-4068-88B6-A8C1CCEAD655}"
EndProject
Project("{9A19103F-16F7-4668-BE54-9A1E7A4F7556}") = "InvitationCode.Interfaces", "InvitationCode.Interfaces\InvitationCode.Interfaces.csproj", "{FDA98FE9-A288-47D8-BF69-556967BAE443}"
EndProject
Project("{9A19103F-16F7-4668-BE54-9A1E7A4F7556}") = "InvitationCodeManager.Interfaces", "InvitationCodeManager.Interfaces\InvitationCodeManager.Interfaces.csproj", "{427C72C7-292F-456F-8B1E-B5DE67759FAB}"
EndProject
Project("{9A19103F-16F7-4668-BE54-9A1E7A4F7556}") = "InvitationCodeManager", "InvitationCodeManager\InvitationCodeManager.csproj", "{78B62A5C-5608-4660-9AEB-EEE258ADD23C}"
EndProject
Project("{9A19103F-16F7-4668-BE54-9A1E7A4F7556}") = "Utility", "Utility\Utility.csproj", "{E8992D36-06FC-4781-AFD6-69EE6A507C3D}"
EndProject
Project("{9A19103F-16F7-4668-BE54-9A1E7A4F7556}") = "API.Interfaces", "API.Interfaces\API.Interfaces.csproj", "{F7269532-8B6E-47BB-BADD-237182F56E8D}"
EndProject
Global
	GlobalSection(SolutionConfigurationPlatforms) = preSolution
		Debug|Any CPU = Debug|Any CPU
		Debug|x64 = Debug|x64
		Release|Any CPU = Release|Any CPU
		Release|x64 = Release|x64
	EndGlobalSection
	GlobalSection(ProjectConfigurationPlatforms) = postSolution
		{DA9FA2B4-4C5E-44B1-8393-F1B1AF243230}.Debug|Any CPU.ActiveCfg = Debug|x64
		{DA9FA2B4-4C5E-44B1-8393-F1B1AF243230}.Debug|x64.ActiveCfg = Debug|x64
		{DA9FA2B4-4C5E-44B1-8393-F1B1AF243230}.Debug|x64.Build.0 = Debug|x64
		{DA9FA2B4-4C5E-44B1-8393-F1B1AF243230}.Debug|x64.Deploy.0 = Debug|x64
		{DA9FA2B4-4C5E-44B1-8393-F1B1AF243230}.Release|Any CPU.ActiveCfg = Release|x64
		{DA9FA2B4-4C5E-44B1-8393-F1B1AF243230}.Release|x64.ActiveCfg = Release|x64
		{DA9FA2B4-4C5E-44B1-8393-F1B1AF243230}.Release|x64.Build.0 = Release|x64
		{DA9FA2B4-4C5E-44B1-8393-F1B1AF243230}.Release|x64.Deploy.0 = Release|x64
		{5460600B-AE67-4D56-A2A9-139E9F995BFC}.Debug|Any CPU.ActiveCfg = Debug|Any CPU
		{5460600B-AE67-4D56-A2A9-139E9F995BFC}.Debug|Any CPU.Build.0 = Debug|Any CPU
		{5460600B-AE67-4D56-A2A9-139E9F995BFC}.Debug|x64.ActiveCfg = Debug|Any CPU
		{5460600B-AE67-4D56-A2A9-139E9F995BFC}.Debug|x64.Build.0 = Debug|Any CPU
		{5460600B-AE67-4D56-A2A9-139E9F995BFC}.Release|Any CPU.ActiveCfg = Release|Any CPU
		{5460600B-AE67-4D56-A2A9-139E9F995BFC}.Release|Any CPU.Build.0 = Release|Any CPU
		{5460600B-AE67-4D56-A2A9-139E9F995BFC}.Release|x64.ActiveCfg = Release|Any CPU
		{5460600B-AE67-4D56-A2A9-139E9F995BFC}.Release|x64.Build.0 = Release|Any CPU
		{6DBBF937-2186-41E4-A9CF-E19A914B012A}.Debug|Any CPU.ActiveCfg = Debug|Any CPU
		{6DBBF937-2186-41E4-A9CF-E19A914B012A}.Debug|Any CPU.Build.0 = Debug|Any CPU
		{6DBBF937-2186-41E4-A9CF-E19A914B012A}.Debug|x64.ActiveCfg = Debug|Any CPU
		{6DBBF937-2186-41E4-A9CF-E19A914B012A}.Debug|x64.Build.0 = Debug|Any CPU
		{6DBBF937-2186-41E4-A9CF-E19A914B012A}.Release|Any CPU.ActiveCfg = Release|Any CPU
		{6DBBF937-2186-41E4-A9CF-E19A914B012A}.Release|Any CPU.Build.0 = Release|Any CPU
		{6DBBF937-2186-41E4-A9CF-E19A914B012A}.Release|x64.ActiveCfg = Release|Any CPU
		{6DBBF937-2186-41E4-A9CF-E19A914B012A}.Release|x64.Build.0 = Release|Any CPU
		{DB7EB7B3-E09C-4C22-9588-09B951C51EC9}.Debug|Any CPU.ActiveCfg = Debug|Any CPU
		{DB7EB7B3-E09C-4C22-9588-09B951C51EC9}.Debug|Any CPU.Build.0 = Debug|Any CPU
		{DB7EB7B3-E09C-4C22-9588-09B951C51EC9}.Debug|x64.ActiveCfg = Debug|Any CPU
		{DB7EB7B3-E09C-4C22-9588-09B951C51EC9}.Debug|x64.Build.0 = Debug|Any CPU
		{DB7EB7B3-E09C-4C22-9588-09B951C51EC9}.Release|Any CPU.ActiveCfg = Release|Any CPU
		{DB7EB7B3-E09C-4C22-9588-09B951C51EC9}.Release|Any CPU.Build.0 = Release|Any CPU
		{DB7EB7B3-E09C-4C22-9588-09B951C51EC9}.Release|x64.ActiveCfg = Release|Any CPU
		{DB7EB7B3-E09C-4C22-9588-09B951C51EC9}.Release|x64.Build.0 = Release|Any CPU
		{252620EF-AB46-4068-88B6-A8C1CCEAD655}.Debug|Any CPU.ActiveCfg = Debug|Any CPU
		{252620EF-AB46-4068-88B6-A8C1CCEAD655}.Debug|Any CPU.Build.0 = Debug|Any CPU
		{252620EF-AB46-4068-88B6-A8C1CCEAD655}.Debug|x64.ActiveCfg = Debug|Any CPU
		{252620EF-AB46-4068-88B6-A8C1CCEAD655}.Debug|x64.Build.0 = Debug|Any CPU
		{252620EF-AB46-4068-88B6-A8C1CCEAD655}.Release|Any CPU.ActiveCfg = Release|Any CPU
		{252620EF-AB46-4068-88B6-A8C1CCEAD655}.Release|Any CPU.Build.0 = Release|Any CPU
		{252620EF-AB46-4068-88B6-A8C1CCEAD655}.Release|x64.ActiveCfg = Release|Any CPU
		{252620EF-AB46-4068-88B6-A8C1CCEAD655}.Release|x64.Build.0 = Release|Any CPU
		{FDA98FE9-A288-47D8-BF69-556967BAE443}.Debug|Any CPU.ActiveCfg = Debug|Any CPU
		{FDA98FE9-A288-47D8-BF69-556967BAE443}.Debug|Any CPU.Build.0 = Debug|Any CPU
		{FDA98FE9-A288-47D8-BF69-556967BAE443}.Debug|x64.ActiveCfg = Debug|Any CPU
		{FDA98FE9-A288-47D8-BF69-556967BAE443}.Debug|x64.Build.0 = Debug|Any CPU
		{FDA98FE9-A288-47D8-BF69-556967BAE443}.Release|Any CPU.ActiveCfg = Release|Any CPU
		{FDA98FE9-A288-47D8-BF69-556967BAE443}.Release|Any CPU.Build.0 = Release|Any CPU
		{FDA98FE9-A288-47D8-BF69-556967BAE443}.Release|x64.ActiveCfg = Release|Any CPU
		{FDA98FE9-A288-47D8-BF69-556967BAE443}.Release|x64.Build.0 = Release|Any CPU
		{427C72C7-292F-456F-8B1E-B5DE67759FAB}.Debug|Any CPU.ActiveCfg = Debug|Any CPU
		{427C72C7-292F-456F-8B1E-B5DE67759FAB}.Debug|Any CPU.Build.0 = Debug|Any CPU
		{427C72C7-292F-456F-8B1E-B5DE67759FAB}.Debug|x64.ActiveCfg = Debug|Any CPU
		{427C72C7-292F-456F-8B1E-B5DE67759FAB}.Debug|x64.Build.0 = Debug|Any CPU
		{427C72C7-292F-456F-8B1E-B5DE67759FAB}.Release|Any CPU.ActiveCfg = Release|Any CPU
		{427C72C7-292F-456F-8B1E-B5DE67759FAB}.Release|Any CPU.Build.0 = Release|Any CPU
		{427C72C7-292F-456F-8B1E-B5DE67759FAB}.Release|x64.ActiveCfg = Release|Any CPU
		{427C72C7-292F-456F-8B1E-B5DE67759FAB}.Release|x64.Build.0 = Release|Any CPU
		{78B62A5C-5608-4660-9AEB-EEE258ADD23C}.Debug|Any CPU.ActiveCfg = Debug|Any CPU
		{78B62A5C-5608-4660-9AEB-EEE258ADD23C}.Debug|Any CPU.Build.0 = Debug|Any CPU
		{78B62A5C-5608-4660-9AEB-EEE258ADD23C}.Debug|x64.ActiveCfg = Debug|Any CPU
		{78B62A5C-5608-4660-9AEB-EEE258ADD23C}.Debug|x64.Build.0 = Debug|Any CPU
		{78B62A5C-5608-4660-9AEB-EEE258ADD23C}.Release|Any CPU.ActiveCfg = Release|Any CPU
		{78B62A5C-5608-4660-9AEB-EEE258ADD23C}.Release|Any CPU.Build.0 = Release|Any CPU
		{78B62A5C-5608-4660-9AEB-EEE258ADD23C}.Release|x64.ActiveCfg = Release|Any CPU
		{78B62A5C-5608-4660-9AEB-EEE258ADD23C}.Release|x64.Build.0 = Release|Any CPU
		{E8992D36-06FC-4781-AFD6-69EE6A507C3D}.Debug|Any CPU.ActiveCfg = Debug|Any CPU
		{E8992D36-06FC-4781-AFD6-69EE6A507C3D}.Debug|Any CPU.Build.0 = Debug|Any CPU
		{E8992D36-06FC-4781-AFD6-69EE6A507C3D}.Debug|x64.ActiveCfg = Debug|Any CPU
		{E8992D36-06FC-4781-AFD6-69EE6A507C3D}.Debug|x64.Build.0 = Debug|Any CPU
		{E8992D36-06FC-4781-AFD6-69EE6A507C3D}.Release|Any CPU.ActiveCfg = Release|Any CPU
		{E8992D36-06FC-4781-AFD6-69EE6A507C3D}.Release|Any CPU.Build.0 = Release|Any CPU
		{E8992D36-06FC-4781-AFD6-69EE6A507C3D}.Release|x64.ActiveCfg = Release|Any CPU
		{E8992D36-06FC-4781-AFD6-69EE6A507C3D}.Release|x64.Build.0 = Release|Any CPU
		{F7269532-8B6E-47BB-BADD-237182F56E8D}.Debug|Any CPU.ActiveCfg = Debug|Any CPU
		{F7269532-8B6E-47BB-BADD-237182F56E8D}.Debug|Any CPU.Build.0 = Debug|Any CPU
		{F7269532-8B6E-47BB-BADD-237182F56E8D}.Debug|x64.ActiveCfg = Debug|Any CPU
		{F7269532-8B6E-47BB-BADD-237182F56E8D}.Debug|x64.Build.0 = Debug|Any CPU
		{F7269532-8B6E-47BB-BADD-237182F56E8D}.Release|Any CPU.ActiveCfg = Release|Any CPU
		{F7269532-8B6E-47BB-BADD-237182F56E8D}.Release|Any CPU.Build.0 = Release|Any CPU
		{F7269532-8B6E-47BB-BADD-237182F56E8D}.Release|x64.ActiveCfg = Release|Any CPU
		{F7269532-8B6E-47BB-BADD-237182F56E8D}.Release|x64.Build.0 = Release|Any CPU
	EndGlobalSection
	GlobalSection(SolutionProperties) = preSolution
		HideSolutionNode = FALSE
	EndGlobalSection
	GlobalSection(ExtensibilityGlobals) = postSolution
		SolutionGuid = {0E5A7668-5917-404D-B6AF-354CC21050D4}
	EndGlobalSection
EndGlobal
