
Microsoft Visual Studio Solution File, Format Version 12.00
# Visual Studio 15
VisualStudioVersion = 15.0.28307.168
MinimumVisualStudioVersion = 10.0.40219.1
Project("{A07B5EB6-E848-4116-A8D0-A826331D98C6}") = "server", "server\server.sfproj", "{DA9FA2B4-4C5E-44B1-8393-F1B1AF243230}"
EndProject
Project("{9A19103F-16F7-4668-BE54-9A1E7A4F7556}") = "API", "API\API.csproj", "{DB7EB7B3-E09C-4C22-9588-09B951C51EC9}"
EndProject
Project("{9A19103F-16F7-4668-BE54-9A1E7A4F7556}") = "Utility", "Utility\Utility.csproj", "{E8992D36-06FC-4781-AFD6-69EE6A507C3D}"
EndProject
Project("{9A19103F-16F7-4668-BE54-9A1E7A4F7556}") = "API.Interfaces", "API.Interfaces\API.Interfaces.csproj", "{F7269532-8B6E-47BB-BADD-237182F56E8D}"
EndProject
Project("{9A19103F-16F7-4668-BE54-9A1E7A4F7556}") = "InvitationCodes", "InvitationCodes\InvitationCodes.csproj", "{BAA09D96-049B-424A-A217-C8A7BB1BEF7C}"
EndProject
Project("{9A19103F-16F7-4668-BE54-9A1E7A4F7556}") = "InvitationCodes.Interfaces", "InvitationCodes.Interfaces\InvitationCodes.Interfaces.csproj", "{B1C1C342-1D8A-498A-AF37-EEA4C2C0F246}"
EndProject
Project("{9A19103F-16F7-4668-BE54-9A1E7A4F7556}") = "Users", "Users\Users.csproj", "{FE5E364E-BD23-4C41-8F1B-057D9FA9D48D}"
EndProject
Project("{9A19103F-16F7-4668-BE54-9A1E7A4F7556}") = "Users.Interfaces", "Users.Interfaces\Users.Interfaces.csproj", "{AA1032EE-3143-4177-88C5-F3AE382BA4A1}"
EndProject
Project("{9A19103F-16F7-4668-BE54-9A1E7A4F7556}") = "Offers", "Offers\Offers.csproj", "{4FD75437-F9BC-403C-B7C1-D6EB0E3085F8}"
EndProject
Project("{9A19103F-16F7-4668-BE54-9A1E7A4F7556}") = "Offers.Interfaces", "Offers.Interfaces\Offers.Interfaces.csproj", "{16788145-277C-49F3-83D6-83EB7D65CAB9}"
EndProject
Project("{9A19103F-16F7-4668-BE54-9A1E7A4F7556}") = "Mapping", "Mapping\Mapping.csproj", "{2B6A3CCD-3E08-4F15-B9EA-9B0D441E1325}"
EndProject
Project("{9A19103F-16F7-4668-BE54-9A1E7A4F7556}") = "Mapping.Interfaces", "Mapping.Interfaces\Mapping.Interfaces.csproj", "{B992CAFA-308A-4709-A3FE-61F070D2CC5D}"
EndProject
Project("{9A19103F-16F7-4668-BE54-9A1E7A4F7556}") = "IntegrationTests", "IntegrationTests\IntegrationTests.csproj", "{7D0F9E2B-7D21-4E44-B79F-F81E0F97C3F3}"
EndProject
Project("{2150E333-8FDC-42A3-9474-1A3956D46DE8}") = "Services", "Services", "{E7EA7019-E0E5-4695-90EC-E4CEFC1E07CF}"
EndProject
Project("{FAE04EC0-301F-11D3-BF4B-00C04F79EFBC}") = "Messaging", "Messaging\Messaging.csproj", "{813B09A5-8057-4257-BC6B-FAA3CC73E89C}"
EndProject
Project("{FAE04EC0-301F-11D3-BF4B-00C04F79EFBC}") = "Messaging.Interfaces", "Messaging.Interfaces\Messaging.Interfaces.csproj", "{10909951-73CC-4B97-B84F-4624FA82978F}"
EndProject
Global
	GlobalSection(SolutionConfigurationPlatforms) = preSolution
		Debug|Any CPU = Debug|Any CPU
		Debug|x64 = Debug|x64
		Release|Any CPU = Release|Any CPU
		Release|x64 = Release|x64
	EndGlobalSection
	GlobalSection(ProjectConfigurationPlatforms) = postSolution
		{DA9FA2B4-4C5E-44B1-8393-F1B1AF243230}.Debug|Any CPU.ActiveCfg = Debug|x64
		{DA9FA2B4-4C5E-44B1-8393-F1B1AF243230}.Debug|x64.ActiveCfg = Debug|x64
		{DA9FA2B4-4C5E-44B1-8393-F1B1AF243230}.Debug|x64.Build.0 = Debug|x64
		{DA9FA2B4-4C5E-44B1-8393-F1B1AF243230}.Debug|x64.Deploy.0 = Debug|x64
		{DA9FA2B4-4C5E-44B1-8393-F1B1AF243230}.Release|Any CPU.ActiveCfg = Release|x64
		{DA9FA2B4-4C5E-44B1-8393-F1B1AF243230}.Release|x64.ActiveCfg = Release|x64
		{DA9FA2B4-4C5E-44B1-8393-F1B1AF243230}.Release|x64.Build.0 = Release|x64
		{DA9FA2B4-4C5E-44B1-8393-F1B1AF243230}.Release|x64.Deploy.0 = Release|x64
		{DB7EB7B3-E09C-4C22-9588-09B951C51EC9}.Debug|Any CPU.ActiveCfg = Debug|Any CPU
		{DB7EB7B3-E09C-4C22-9588-09B951C51EC9}.Debug|Any CPU.Build.0 = Debug|Any CPU
		{DB7EB7B3-E09C-4C22-9588-09B951C51EC9}.Debug|x64.ActiveCfg = Debug|Any CPU
		{DB7EB7B3-E09C-4C22-9588-09B951C51EC9}.Debug|x64.Build.0 = Debug|Any CPU
		{DB7EB7B3-E09C-4C22-9588-09B951C51EC9}.Release|Any CPU.ActiveCfg = Release|Any CPU
		{DB7EB7B3-E09C-4C22-9588-09B951C51EC9}.Release|Any CPU.Build.0 = Release|Any CPU
		{DB7EB7B3-E09C-4C22-9588-09B951C51EC9}.Release|x64.ActiveCfg = Release|Any CPU
		{DB7EB7B3-E09C-4C22-9588-09B951C51EC9}.Release|x64.Build.0 = Release|Any CPU
		{E8992D36-06FC-4781-AFD6-69EE6A507C3D}.Debug|Any CPU.ActiveCfg = Debug|Any CPU
		{E8992D36-06FC-4781-AFD6-69EE6A507C3D}.Debug|Any CPU.Build.0 = Debug|Any CPU
		{E8992D36-06FC-4781-AFD6-69EE6A507C3D}.Debug|x64.ActiveCfg = Debug|Any CPU
		{E8992D36-06FC-4781-AFD6-69EE6A507C3D}.Debug|x64.Build.0 = Debug|Any CPU
		{E8992D36-06FC-4781-AFD6-69EE6A507C3D}.Release|Any CPU.ActiveCfg = Release|Any CPU
		{E8992D36-06FC-4781-AFD6-69EE6A507C3D}.Release|Any CPU.Build.0 = Release|Any CPU
		{E8992D36-06FC-4781-AFD6-69EE6A507C3D}.Release|x64.ActiveCfg = Release|Any CPU
		{E8992D36-06FC-4781-AFD6-69EE6A507C3D}.Release|x64.Build.0 = Release|Any CPU
		{F7269532-8B6E-47BB-BADD-237182F56E8D}.Debug|Any CPU.ActiveCfg = Debug|Any CPU
		{F7269532-8B6E-47BB-BADD-237182F56E8D}.Debug|Any CPU.Build.0 = Debug|Any CPU
		{F7269532-8B6E-47BB-BADD-237182F56E8D}.Debug|x64.ActiveCfg = Debug|Any CPU
		{F7269532-8B6E-47BB-BADD-237182F56E8D}.Debug|x64.Build.0 = Debug|Any CPU
		{F7269532-8B6E-47BB-BADD-237182F56E8D}.Release|Any CPU.ActiveCfg = Release|Any CPU
		{F7269532-8B6E-47BB-BADD-237182F56E8D}.Release|Any CPU.Build.0 = Release|Any CPU
		{F7269532-8B6E-47BB-BADD-237182F56E8D}.Release|x64.ActiveCfg = Release|Any CPU
		{F7269532-8B6E-47BB-BADD-237182F56E8D}.Release|x64.Build.0 = Release|Any CPU
		{BAA09D96-049B-424A-A217-C8A7BB1BEF7C}.Debug|Any CPU.ActiveCfg = Debug|Any CPU
		{BAA09D96-049B-424A-A217-C8A7BB1BEF7C}.Debug|Any CPU.Build.0 = Debug|Any CPU
		{BAA09D96-049B-424A-A217-C8A7BB1BEF7C}.Debug|x64.ActiveCfg = Debug|Any CPU
		{BAA09D96-049B-424A-A217-C8A7BB1BEF7C}.Debug|x64.Build.0 = Debug|Any CPU
		{BAA09D96-049B-424A-A217-C8A7BB1BEF7C}.Release|Any CPU.ActiveCfg = Release|Any CPU
		{BAA09D96-049B-424A-A217-C8A7BB1BEF7C}.Release|Any CPU.Build.0 = Release|Any CPU
		{BAA09D96-049B-424A-A217-C8A7BB1BEF7C}.Release|x64.ActiveCfg = Release|Any CPU
		{BAA09D96-049B-424A-A217-C8A7BB1BEF7C}.Release|x64.Build.0 = Release|Any CPU
		{B1C1C342-1D8A-498A-AF37-EEA4C2C0F246}.Debug|Any CPU.ActiveCfg = Debug|Any CPU
		{B1C1C342-1D8A-498A-AF37-EEA4C2C0F246}.Debug|Any CPU.Build.0 = Debug|Any CPU
		{B1C1C342-1D8A-498A-AF37-EEA4C2C0F246}.Debug|x64.ActiveCfg = Debug|Any CPU
		{B1C1C342-1D8A-498A-AF37-EEA4C2C0F246}.Debug|x64.Build.0 = Debug|Any CPU
		{B1C1C342-1D8A-498A-AF37-EEA4C2C0F246}.Release|Any CPU.ActiveCfg = Release|Any CPU
		{B1C1C342-1D8A-498A-AF37-EEA4C2C0F246}.Release|Any CPU.Build.0 = Release|Any CPU
		{B1C1C342-1D8A-498A-AF37-EEA4C2C0F246}.Release|x64.ActiveCfg = Release|Any CPU
		{B1C1C342-1D8A-498A-AF37-EEA4C2C0F246}.Release|x64.Build.0 = Release|Any CPU
		{FE5E364E-BD23-4C41-8F1B-057D9FA9D48D}.Debug|Any CPU.ActiveCfg = Debug|Any CPU
		{FE5E364E-BD23-4C41-8F1B-057D9FA9D48D}.Debug|Any CPU.Build.0 = Debug|Any CPU
		{FE5E364E-BD23-4C41-8F1B-057D9FA9D48D}.Debug|x64.ActiveCfg = Debug|Any CPU
		{FE5E364E-BD23-4C41-8F1B-057D9FA9D48D}.Debug|x64.Build.0 = Debug|Any CPU
		{FE5E364E-BD23-4C41-8F1B-057D9FA9D48D}.Release|Any CPU.ActiveCfg = Release|Any CPU
		{FE5E364E-BD23-4C41-8F1B-057D9FA9D48D}.Release|Any CPU.Build.0 = Release|Any CPU
		{FE5E364E-BD23-4C41-8F1B-057D9FA9D48D}.Release|x64.ActiveCfg = Release|Any CPU
		{FE5E364E-BD23-4C41-8F1B-057D9FA9D48D}.Release|x64.Build.0 = Release|Any CPU
		{AA1032EE-3143-4177-88C5-F3AE382BA4A1}.Debug|Any CPU.ActiveCfg = Debug|Any CPU
		{AA1032EE-3143-4177-88C5-F3AE382BA4A1}.Debug|Any CPU.Build.0 = Debug|Any CPU
		{AA1032EE-3143-4177-88C5-F3AE382BA4A1}.Debug|x64.ActiveCfg = Debug|Any CPU
		{AA1032EE-3143-4177-88C5-F3AE382BA4A1}.Debug|x64.Build.0 = Debug|Any CPU
		{AA1032EE-3143-4177-88C5-F3AE382BA4A1}.Release|Any CPU.ActiveCfg = Release|Any CPU
		{AA1032EE-3143-4177-88C5-F3AE382BA4A1}.Release|Any CPU.Build.0 = Release|Any CPU
		{AA1032EE-3143-4177-88C5-F3AE382BA4A1}.Release|x64.ActiveCfg = Release|Any CPU
		{AA1032EE-3143-4177-88C5-F3AE382BA4A1}.Release|x64.Build.0 = Release|Any CPU
		{4FD75437-F9BC-403C-B7C1-D6EB0E3085F8}.Debug|Any CPU.ActiveCfg = Debug|Any CPU
		{4FD75437-F9BC-403C-B7C1-D6EB0E3085F8}.Debug|Any CPU.Build.0 = Debug|Any CPU
		{4FD75437-F9BC-403C-B7C1-D6EB0E3085F8}.Debug|x64.ActiveCfg = Debug|Any CPU
		{4FD75437-F9BC-403C-B7C1-D6EB0E3085F8}.Debug|x64.Build.0 = Debug|Any CPU
		{4FD75437-F9BC-403C-B7C1-D6EB0E3085F8}.Release|Any CPU.ActiveCfg = Release|Any CPU
		{4FD75437-F9BC-403C-B7C1-D6EB0E3085F8}.Release|Any CPU.Build.0 = Release|Any CPU
		{4FD75437-F9BC-403C-B7C1-D6EB0E3085F8}.Release|x64.ActiveCfg = Release|Any CPU
		{4FD75437-F9BC-403C-B7C1-D6EB0E3085F8}.Release|x64.Build.0 = Release|Any CPU
		{16788145-277C-49F3-83D6-83EB7D65CAB9}.Debug|Any CPU.ActiveCfg = Debug|Any CPU
		{16788145-277C-49F3-83D6-83EB7D65CAB9}.Debug|Any CPU.Build.0 = Debug|Any CPU
		{16788145-277C-49F3-83D6-83EB7D65CAB9}.Debug|x64.ActiveCfg = Debug|Any CPU
		{16788145-277C-49F3-83D6-83EB7D65CAB9}.Debug|x64.Build.0 = Debug|Any CPU
		{16788145-277C-49F3-83D6-83EB7D65CAB9}.Release|Any CPU.ActiveCfg = Release|Any CPU
		{16788145-277C-49F3-83D6-83EB7D65CAB9}.Release|Any CPU.Build.0 = Release|Any CPU
		{16788145-277C-49F3-83D6-83EB7D65CAB9}.Release|x64.ActiveCfg = Release|Any CPU
		{16788145-277C-49F3-83D6-83EB7D65CAB9}.Release|x64.Build.0 = Release|Any CPU
		{2B6A3CCD-3E08-4F15-B9EA-9B0D441E1325}.Debug|Any CPU.ActiveCfg = Debug|Any CPU
		{2B6A3CCD-3E08-4F15-B9EA-9B0D441E1325}.Debug|Any CPU.Build.0 = Debug|Any CPU
		{2B6A3CCD-3E08-4F15-B9EA-9B0D441E1325}.Debug|x64.ActiveCfg = Debug|Any CPU
		{2B6A3CCD-3E08-4F15-B9EA-9B0D441E1325}.Debug|x64.Build.0 = Debug|Any CPU
		{2B6A3CCD-3E08-4F15-B9EA-9B0D441E1325}.Release|Any CPU.ActiveCfg = Release|Any CPU
		{2B6A3CCD-3E08-4F15-B9EA-9B0D441E1325}.Release|Any CPU.Build.0 = Release|Any CPU
		{2B6A3CCD-3E08-4F15-B9EA-9B0D441E1325}.Release|x64.ActiveCfg = Release|Any CPU
		{2B6A3CCD-3E08-4F15-B9EA-9B0D441E1325}.Release|x64.Build.0 = Release|Any CPU
		{B992CAFA-308A-4709-A3FE-61F070D2CC5D}.Debug|Any CPU.ActiveCfg = Debug|Any CPU
		{B992CAFA-308A-4709-A3FE-61F070D2CC5D}.Debug|Any CPU.Build.0 = Debug|Any CPU
		{B992CAFA-308A-4709-A3FE-61F070D2CC5D}.Debug|x64.ActiveCfg = Debug|Any CPU
		{B992CAFA-308A-4709-A3FE-61F070D2CC5D}.Debug|x64.Build.0 = Debug|Any CPU
		{B992CAFA-308A-4709-A3FE-61F070D2CC5D}.Release|Any CPU.ActiveCfg = Release|Any CPU
		{B992CAFA-308A-4709-A3FE-61F070D2CC5D}.Release|Any CPU.Build.0 = Release|Any CPU
		{B992CAFA-308A-4709-A3FE-61F070D2CC5D}.Release|x64.ActiveCfg = Release|Any CPU
		{B992CAFA-308A-4709-A3FE-61F070D2CC5D}.Release|x64.Build.0 = Release|Any CPU
		{7D0F9E2B-7D21-4E44-B79F-F81E0F97C3F3}.Debug|Any CPU.ActiveCfg = Debug|Any CPU
		{7D0F9E2B-7D21-4E44-B79F-F81E0F97C3F3}.Debug|Any CPU.Build.0 = Debug|Any CPU
		{7D0F9E2B-7D21-4E44-B79F-F81E0F97C3F3}.Debug|x64.ActiveCfg = Debug|Any CPU
		{7D0F9E2B-7D21-4E44-B79F-F81E0F97C3F3}.Debug|x64.Build.0 = Debug|Any CPU
		{7D0F9E2B-7D21-4E44-B79F-F81E0F97C3F3}.Release|Any CPU.ActiveCfg = Release|Any CPU
		{7D0F9E2B-7D21-4E44-B79F-F81E0F97C3F3}.Release|Any CPU.Build.0 = Release|Any CPU
		{7D0F9E2B-7D21-4E44-B79F-F81E0F97C3F3}.Release|x64.ActiveCfg = Release|Any CPU
		{7D0F9E2B-7D21-4E44-B79F-F81E0F97C3F3}.Release|x64.Build.0 = Release|Any CPU
		{813B09A5-8057-4257-BC6B-FAA3CC73E89C}.Debug|Any CPU.ActiveCfg = Debug|Any CPU
		{813B09A5-8057-4257-BC6B-FAA3CC73E89C}.Debug|Any CPU.Build.0 = Debug|Any CPU
		{813B09A5-8057-4257-BC6B-FAA3CC73E89C}.Debug|x64.ActiveCfg = Debug|Any CPU
		{813B09A5-8057-4257-BC6B-FAA3CC73E89C}.Debug|x64.Build.0 = Debug|Any CPU
		{813B09A5-8057-4257-BC6B-FAA3CC73E89C}.Release|Any CPU.ActiveCfg = Release|Any CPU
		{813B09A5-8057-4257-BC6B-FAA3CC73E89C}.Release|Any CPU.Build.0 = Release|Any CPU
		{813B09A5-8057-4257-BC6B-FAA3CC73E89C}.Release|x64.ActiveCfg = Release|Any CPU
		{813B09A5-8057-4257-BC6B-FAA3CC73E89C}.Release|x64.Build.0 = Release|Any CPU
		{10909951-73CC-4B97-B84F-4624FA82978F}.Debug|Any CPU.ActiveCfg = Debug|Any CPU
		{10909951-73CC-4B97-B84F-4624FA82978F}.Debug|Any CPU.Build.0 = Debug|Any CPU
		{10909951-73CC-4B97-B84F-4624FA82978F}.Debug|x64.ActiveCfg = Debug|Any CPU
		{10909951-73CC-4B97-B84F-4624FA82978F}.Debug|x64.Build.0 = Debug|Any CPU
		{10909951-73CC-4B97-B84F-4624FA82978F}.Release|Any CPU.ActiveCfg = Release|Any CPU
		{10909951-73CC-4B97-B84F-4624FA82978F}.Release|Any CPU.Build.0 = Release|Any CPU
		{10909951-73CC-4B97-B84F-4624FA82978F}.Release|x64.ActiveCfg = Release|Any CPU
		{10909951-73CC-4B97-B84F-4624FA82978F}.Release|x64.Build.0 = Release|Any CPU
	EndGlobalSection
	GlobalSection(SolutionProperties) = preSolution
		HideSolutionNode = FALSE
	EndGlobalSection
	GlobalSection(NestedProjects) = preSolution
		{DB7EB7B3-E09C-4C22-9588-09B951C51EC9} = {E7EA7019-E0E5-4695-90EC-E4CEFC1E07CF}
		{F7269532-8B6E-47BB-BADD-237182F56E8D} = {E7EA7019-E0E5-4695-90EC-E4CEFC1E07CF}
		{BAA09D96-049B-424A-A217-C8A7BB1BEF7C} = {E7EA7019-E0E5-4695-90EC-E4CEFC1E07CF}
		{B1C1C342-1D8A-498A-AF37-EEA4C2C0F246} = {E7EA7019-E0E5-4695-90EC-E4CEFC1E07CF}
		{FE5E364E-BD23-4C41-8F1B-057D9FA9D48D} = {E7EA7019-E0E5-4695-90EC-E4CEFC1E07CF}
		{AA1032EE-3143-4177-88C5-F3AE382BA4A1} = {E7EA7019-E0E5-4695-90EC-E4CEFC1E07CF}
		{4FD75437-F9BC-403C-B7C1-D6EB0E3085F8} = {E7EA7019-E0E5-4695-90EC-E4CEFC1E07CF}
		{16788145-277C-49F3-83D6-83EB7D65CAB9} = {E7EA7019-E0E5-4695-90EC-E4CEFC1E07CF}
		{2B6A3CCD-3E08-4F15-B9EA-9B0D441E1325} = {E7EA7019-E0E5-4695-90EC-E4CEFC1E07CF}
		{B992CAFA-308A-4709-A3FE-61F070D2CC5D} = {E7EA7019-E0E5-4695-90EC-E4CEFC1E07CF}
		{813B09A5-8057-4257-BC6B-FAA3CC73E89C} = {E7EA7019-E0E5-4695-90EC-E4CEFC1E07CF}
		{10909951-73CC-4B97-B84F-4624FA82978F} = {E7EA7019-E0E5-4695-90EC-E4CEFC1E07CF}
	EndGlobalSection
	GlobalSection(ExtensibilityGlobals) = postSolution
		SolutionGuid = {0E5A7668-5917-404D-B6AF-354CC21050D4}
	EndGlobalSection
EndGlobal
