
Microsoft Visual Studio Solution File, Format Version 12.00
# Visual Studio 15
VisualStudioVersion = 15.0.27130.2036
MinimumVisualStudioVersion = 10.0.40219.1
Project("{FAE04EC0-301F-11D3-BF4B-00C04F79EFBC}") = "InfX.Android", "InfX\InfX.Android\InfX.Android.csproj", "{C6D2256A-D6F0-40BD-9A4E-439286546371}"
EndProject
Project("{FAE04EC0-301F-11D3-BF4B-00C04F79EFBC}") = "InfX.iOS", "InfX\InfX.iOS\InfX.iOS.csproj", "{A39BCE5D-E023-4E52-81CC-E42730CE999E}"
EndProject
Project("{9A19103F-16F7-4668-BE54-9A1E7A4F7556}") = "InfX", "InfX\InfX\InfX.csproj", "{8D8CFB6C-48DD-49A7-A19F-49EFFEA7BDB3}"
EndProject
Project("{FAE04EC0-301F-11D3-BF4B-00C04F79EFBC}") = "InfBuildConfig", "InfBuildConfig\InfBuildConfig.csproj", "{848EC573-DF02-4203-A1B3-771927322A99}"
EndProject
Global
	GlobalSection(SolutionConfigurationPlatforms) = preSolution
		Ad-Hoc|Any CPU = Ad-Hoc|Any CPU
		Ad-Hoc|iPhone = Ad-Hoc|iPhone
		Ad-Hoc|iPhoneSimulator = Ad-Hoc|iPhoneSimulator
		AppStore|Any CPU = AppStore|Any CPU
		AppStore|iPhone = AppStore|iPhone
		AppStore|iPhoneSimulator = AppStore|iPhoneSimulator
		Debug|Any CPU = Debug|Any CPU
		Debug|iPhone = Debug|iPhone
		Debug|iPhoneSimulator = Debug|iPhoneSimulator
		Release|Any CPU = Release|Any CPU
		Release|iPhone = Release|iPhone
		Release|iPhoneSimulator = Release|iPhoneSimulator
	EndGlobalSection
	GlobalSection(ProjectConfigurationPlatforms) = postSolution
		{C6D2256A-D6F0-40BD-9A4E-439286546371}.Ad-Hoc|Any CPU.ActiveCfg = Release|Any CPU
		{C6D2256A-D6F0-40BD-9A4E-439286546371}.Ad-Hoc|Any CPU.Build.0 = Release|Any CPU
		{C6D2256A-D6F0-40BD-9A4E-439286546371}.Ad-Hoc|Any CPU.Deploy.0 = Release|Any CPU
		{C6D2256A-D6F0-40BD-9A4E-439286546371}.Ad-Hoc|iPhone.ActiveCfg = Release|Any CPU
		{C6D2256A-D6F0-40BD-9A4E-439286546371}.Ad-Hoc|iPhone.Build.0 = Release|Any CPU
		{C6D2256A-D6F0-40BD-9A4E-439286546371}.Ad-Hoc|iPhone.Deploy.0 = Release|Any CPU
		{C6D2256A-D6F0-40BD-9A4E-439286546371}.Ad-Hoc|iPhoneSimulator.ActiveCfg = Release|Any CPU
		{C6D2256A-D6F0-40BD-9A4E-439286546371}.Ad-Hoc|iPhoneSimulator.Build.0 = Release|Any CPU
		{C6D2256A-D6F0-40BD-9A4E-439286546371}.Ad-Hoc|iPhoneSimulator.Deploy.0 = Release|Any CPU
		{C6D2256A-D6F0-40BD-9A4E-439286546371}.AppStore|Any CPU.ActiveCfg = Release|Any CPU
		{C6D2256A-D6F0-40BD-9A4E-439286546371}.AppStore|Any CPU.Build.0 = Release|Any CPU
		{C6D2256A-D6F0-40BD-9A4E-439286546371}.AppStore|Any CPU.Deploy.0 = Release|Any CPU
		{C6D2256A-D6F0-40BD-9A4E-439286546371}.AppStore|iPhone.ActiveCfg = Release|Any CPU
		{C6D2256A-D6F0-40BD-9A4E-439286546371}.AppStore|iPhone.Build.0 = Release|Any CPU
		{C6D2256A-D6F0-40BD-9A4E-439286546371}.AppStore|iPhone.Deploy.0 = Release|Any CPU
		{C6D2256A-D6F0-40BD-9A4E-439286546371}.AppStore|iPhoneSimulator.ActiveCfg = Release|Any CPU
		{C6D2256A-D6F0-40BD-9A4E-439286546371}.AppStore|iPhoneSimulator.Build.0 = Release|Any CPU
		{C6D2256A-D6F0-40BD-9A4E-439286546371}.AppStore|iPhoneSimulator.Deploy.0 = Release|Any CPU
		{C6D2256A-D6F0-40BD-9A4E-439286546371}.Debug|Any CPU.ActiveCfg = Debug|Any CPU
		{C6D2256A-D6F0-40BD-9A4E-439286546371}.Debug|Any CPU.Build.0 = Debug|Any CPU
		{C6D2256A-D6F0-40BD-9A4E-439286546371}.Debug|Any CPU.Deploy.0 = Debug|Any CPU
		{C6D2256A-D6F0-40BD-9A4E-439286546371}.Debug|iPhone.ActiveCfg = Debug|Any CPU
		{C6D2256A-D6F0-40BD-9A4E-439286546371}.Debug|iPhone.Build.0 = Debug|Any CPU
		{C6D2256A-D6F0-40BD-9A4E-439286546371}.Debug|iPhone.Deploy.0 = Debug|Any CPU
		{C6D2256A-D6F0-40BD-9A4E-439286546371}.Debug|iPhoneSimulator.ActiveCfg = Debug|Any CPU
		{C6D2256A-D6F0-40BD-9A4E-439286546371}.Debug|iPhoneSimulator.Build.0 = Debug|Any CPU
		{C6D2256A-D6F0-40BD-9A4E-439286546371}.Debug|iPhoneSimulator.Deploy.0 = Debug|Any CPU
		{C6D2256A-D6F0-40BD-9A4E-439286546371}.Release|Any CPU.ActiveCfg = Release|Any CPU
		{C6D2256A-D6F0-40BD-9A4E-439286546371}.Release|Any CPU.Build.0 = Release|Any CPU
		{C6D2256A-D6F0-40BD-9A4E-439286546371}.Release|Any CPU.Deploy.0 = Release|Any CPU
		{C6D2256A-D6F0-40BD-9A4E-439286546371}.Release|iPhone.ActiveCfg = Release|Any CPU
		{C6D2256A-D6F0-40BD-9A4E-439286546371}.Release|iPhone.Build.0 = Release|Any CPU
		{C6D2256A-D6F0-40BD-9A4E-439286546371}.Release|iPhone.Deploy.0 = Release|Any CPU
		{C6D2256A-D6F0-40BD-9A4E-439286546371}.Release|iPhoneSimulator.ActiveCfg = Release|Any CPU
		{C6D2256A-D6F0-40BD-9A4E-439286546371}.Release|iPhoneSimulator.Build.0 = Release|Any CPU
		{C6D2256A-D6F0-40BD-9A4E-439286546371}.Release|iPhoneSimulator.Deploy.0 = Release|Any CPU
		{A39BCE5D-E023-4E52-81CC-E42730CE999E}.Ad-Hoc|Any CPU.ActiveCfg = Ad-Hoc|iPhone
		{A39BCE5D-E023-4E52-81CC-E42730CE999E}.Ad-Hoc|iPhone.ActiveCfg = Ad-Hoc|iPhone
		{A39BCE5D-E023-4E52-81CC-E42730CE999E}.Ad-Hoc|iPhone.Build.0 = Ad-Hoc|iPhone
		{A39BCE5D-E023-4E52-81CC-E42730CE999E}.Ad-Hoc|iPhoneSimulator.ActiveCfg = Ad-Hoc|iPhoneSimulator
		{A39BCE5D-E023-4E52-81CC-E42730CE999E}.Ad-Hoc|iPhoneSimulator.Build.0 = Ad-Hoc|iPhoneSimulator
		{A39BCE5D-E023-4E52-81CC-E42730CE999E}.AppStore|Any CPU.ActiveCfg = AppStore|iPhone
		{A39BCE5D-E023-4E52-81CC-E42730CE999E}.AppStore|iPhone.ActiveCfg = AppStore|iPhone
		{A39BCE5D-E023-4E52-81CC-E42730CE999E}.AppStore|iPhone.Build.0 = AppStore|iPhone
		{A39BCE5D-E023-4E52-81CC-E42730CE999E}.AppStore|iPhoneSimulator.ActiveCfg = AppStore|iPhoneSimulator
		{A39BCE5D-E023-4E52-81CC-E42730CE999E}.AppStore|iPhoneSimulator.Build.0 = AppStore|iPhoneSimulator
		{A39BCE5D-E023-4E52-81CC-E42730CE999E}.Debug|Any CPU.ActiveCfg = Debug|iPhone
		{A39BCE5D-E023-4E52-81CC-E42730CE999E}.Debug|iPhone.ActiveCfg = Debug|iPhone
		{A39BCE5D-E023-4E52-81CC-E42730CE999E}.Debug|iPhone.Build.0 = Debug|iPhone
		{A39BCE5D-E023-4E52-81CC-E42730CE999E}.Debug|iPhoneSimulator.ActiveCfg = Debug|iPhoneSimulator
		{A39BCE5D-E023-4E52-81CC-E42730CE999E}.Debug|iPhoneSimulator.Build.0 = Debug|iPhoneSimulator
		{A39BCE5D-E023-4E52-81CC-E42730CE999E}.Release|Any CPU.ActiveCfg = Release|iPhone
		{A39BCE5D-E023-4E52-81CC-E42730CE999E}.Release|iPhone.ActiveCfg = Release|iPhone
		{A39BCE5D-E023-4E52-81CC-E42730CE999E}.Release|iPhone.Build.0 = Release|iPhone
		{A39BCE5D-E023-4E52-81CC-E42730CE999E}.Release|iPhoneSimulator.ActiveCfg = Release|iPhoneSimulator
		{A39BCE5D-E023-4E52-81CC-E42730CE999E}.Release|iPhoneSimulator.Build.0 = Release|iPhoneSimulator
		{8D8CFB6C-48DD-49A7-A19F-49EFFEA7BDB3}.Ad-Hoc|Any CPU.ActiveCfg = Debug|Any CPU
		{8D8CFB6C-48DD-49A7-A19F-49EFFEA7BDB3}.Ad-Hoc|Any CPU.Build.0 = Debug|Any CPU
		{8D8CFB6C-48DD-49A7-A19F-49EFFEA7BDB3}.Ad-Hoc|iPhone.ActiveCfg = Debug|Any CPU
		{8D8CFB6C-48DD-49A7-A19F-49EFFEA7BDB3}.Ad-Hoc|iPhone.Build.0 = Debug|Any CPU
		{8D8CFB6C-48DD-49A7-A19F-49EFFEA7BDB3}.Ad-Hoc|iPhoneSimulator.ActiveCfg = Debug|Any CPU
		{8D8CFB6C-48DD-49A7-A19F-49EFFEA7BDB3}.Ad-Hoc|iPhoneSimulator.Build.0 = Debug|Any CPU
		{8D8CFB6C-48DD-49A7-A19F-49EFFEA7BDB3}.AppStore|Any CPU.ActiveCfg = Debug|Any CPU
		{8D8CFB6C-48DD-49A7-A19F-49EFFEA7BDB3}.AppStore|Any CPU.Build.0 = Debug|Any CPU
		{8D8CFB6C-48DD-49A7-A19F-49EFFEA7BDB3}.AppStore|iPhone.ActiveCfg = Debug|Any CPU
		{8D8CFB6C-48DD-49A7-A19F-49EFFEA7BDB3}.AppStore|iPhone.Build.0 = Debug|Any CPU
		{8D8CFB6C-48DD-49A7-A19F-49EFFEA7BDB3}.AppStore|iPhoneSimulator.ActiveCfg = Debug|Any CPU
		{8D8CFB6C-48DD-49A7-A19F-49EFFEA7BDB3}.AppStore|iPhoneSimulator.Build.0 = Debug|Any CPU
		{8D8CFB6C-48DD-49A7-A19F-49EFFEA7BDB3}.Debug|Any CPU.ActiveCfg = Debug|Any CPU
		{8D8CFB6C-48DD-49A7-A19F-49EFFEA7BDB3}.Debug|Any CPU.Build.0 = Debug|Any CPU
		{8D8CFB6C-48DD-49A7-A19F-49EFFEA7BDB3}.Debug|iPhone.ActiveCfg = Debug|Any CPU
		{8D8CFB6C-48DD-49A7-A19F-49EFFEA7BDB3}.Debug|iPhone.Build.0 = Debug|Any CPU
		{8D8CFB6C-48DD-49A7-A19F-49EFFEA7BDB3}.Debug|iPhoneSimulator.ActiveCfg = Debug|Any CPU
		{8D8CFB6C-48DD-49A7-A19F-49EFFEA7BDB3}.Debug|iPhoneSimulator.Build.0 = Debug|Any CPU
		{8D8CFB6C-48DD-49A7-A19F-49EFFEA7BDB3}.Release|Any CPU.ActiveCfg = Release|Any CPU
		{8D8CFB6C-48DD-49A7-A19F-49EFFEA7BDB3}.Release|Any CPU.Build.0 = Release|Any CPU
		{8D8CFB6C-48DD-49A7-A19F-49EFFEA7BDB3}.Release|iPhone.ActiveCfg = Release|Any CPU
		{8D8CFB6C-48DD-49A7-A19F-49EFFEA7BDB3}.Release|iPhone.Build.0 = Release|Any CPU
		{8D8CFB6C-48DD-49A7-A19F-49EFFEA7BDB3}.Release|iPhoneSimulator.ActiveCfg = Release|Any CPU
		{8D8CFB6C-48DD-49A7-A19F-49EFFEA7BDB3}.Release|iPhoneSimulator.Build.0 = Release|Any CPU
		{848EC573-DF02-4203-A1B3-771927322A99}.Ad-Hoc|Any CPU.ActiveCfg = Release|Any CPU
		{848EC573-DF02-4203-A1B3-771927322A99}.Ad-Hoc|Any CPU.Build.0 = Release|Any CPU
		{848EC573-DF02-4203-A1B3-771927322A99}.Ad-Hoc|iPhone.ActiveCfg = Release|Any CPU
		{848EC573-DF02-4203-A1B3-771927322A99}.Ad-Hoc|iPhone.Build.0 = Release|Any CPU
		{848EC573-DF02-4203-A1B3-771927322A99}.Ad-Hoc|iPhoneSimulator.ActiveCfg = Release|Any CPU
		{848EC573-DF02-4203-A1B3-771927322A99}.Ad-Hoc|iPhoneSimulator.Build.0 = Release|Any CPU
		{848EC573-DF02-4203-A1B3-771927322A99}.AppStore|Any CPU.ActiveCfg = Release|Any CPU
		{848EC573-DF02-4203-A1B3-771927322A99}.AppStore|Any CPU.Build.0 = Release|Any CPU
		{848EC573-DF02-4203-A1B3-771927322A99}.AppStore|iPhone.ActiveCfg = Release|Any CPU
		{848EC573-DF02-4203-A1B3-771927322A99}.AppStore|iPhone.Build.0 = Release|Any CPU
		{848EC573-DF02-4203-A1B3-771927322A99}.AppStore|iPhoneSimulator.ActiveCfg = Release|Any CPU
		{848EC573-DF02-4203-A1B3-771927322A99}.AppStore|iPhoneSimulator.Build.0 = Release|Any CPU
		{848EC573-DF02-4203-A1B3-771927322A99}.Debug|Any CPU.ActiveCfg = Debug|Any CPU
		{848EC573-DF02-4203-A1B3-771927322A99}.Debug|Any CPU.Build.0 = Debug|Any CPU
		{848EC573-DF02-4203-A1B3-771927322A99}.Debug|iPhone.ActiveCfg = Debug|Any CPU
		{848EC573-DF02-4203-A1B3-771927322A99}.Debug|iPhone.Build.0 = Debug|Any CPU
		{848EC573-DF02-4203-A1B3-771927322A99}.Debug|iPhoneSimulator.ActiveCfg = Debug|Any CPU
		{848EC573-DF02-4203-A1B3-771927322A99}.Debug|iPhoneSimulator.Build.0 = Debug|Any CPU
		{848EC573-DF02-4203-A1B3-771927322A99}.Release|Any CPU.ActiveCfg = Release|Any CPU
		{848EC573-DF02-4203-A1B3-771927322A99}.Release|Any CPU.Build.0 = Release|Any CPU
		{848EC573-DF02-4203-A1B3-771927322A99}.Release|iPhone.ActiveCfg = Release|Any CPU
		{848EC573-DF02-4203-A1B3-771927322A99}.Release|iPhone.Build.0 = Release|Any CPU
		{848EC573-DF02-4203-A1B3-771927322A99}.Release|iPhoneSimulator.ActiveCfg = Release|Any CPU
		{848EC573-DF02-4203-A1B3-771927322A99}.Release|iPhoneSimulator.Build.0 = Release|Any CPU
	EndGlobalSection
	GlobalSection(SolutionProperties) = preSolution
		HideSolutionNode = FALSE
	EndGlobalSection
	GlobalSection(ExtensibilityGlobals) = postSolution
		SolutionGuid = {0E10AAFC-C536-4CC6-8520-70A933BF5515}
	EndGlobalSection
EndGlobal
