
Microsoft Visual Studio Solution File, Format Version 12.00
# Visual Studio 15
VisualStudioVersion = 15.0.26124.0
MinimumVisualStudioVersion = 15.0.26124.0
Project("{9A19103F-16F7-4668-BE54-9A1E7A4F7556}") = "Utility", "Utility\Utility.csproj", "{DA7BAD19-3D12-4957-98CF-8B3E794C70A7}"
EndProject
Project("{9A19103F-16F7-4668-BE54-9A1E7A4F7556}") = "InvitationCodes.Interfaces", "InvitationCodes.Interfaces\InvitationCodes.Interfaces.csproj", "{913E42E8-1ABF-4941-8051-72EA77029007}"
EndProject
Project("{9A19103F-16F7-4668-BE54-9A1E7A4F7556}") = "InvitationCodes", "InvitationCodes\InvitationCodes.csproj", "{D3D3183D-D402-4652-BAF5-72AFD7F6E4EC}"
EndProject
Project("{9A19103F-16F7-4668-BE54-9A1E7A4F7556}") = "Offers.Interfaces", "Offers.Interfaces\Offers.Interfaces.csproj", "{DA370DE5-D984-4FA6-A842-C49BA59E4C98}"
EndProject
Project("{9A19103F-16F7-4668-BE54-9A1E7A4F7556}") = "Offers", "Offers\Offers.csproj", "{34ACD152-412D-45A0-A0B8-B633756DECC8}"
EndProject
Project("{9A19103F-16F7-4668-BE54-9A1E7A4F7556}") = "Users.Interfaces", "Users.Interfaces\Users.Interfaces.csproj", "{DB6C9A06-85B6-4544-8537-D87F186E494D}"
EndProject
Project("{9A19103F-16F7-4668-BE54-9A1E7A4F7556}") = "Users", "Users\Users.csproj", "{9BEB4D0E-5609-4376-B2D1-9A8B8756520E}"
EndProject
Project("{9A19103F-16F7-4668-BE54-9A1E7A4F7556}") = "Mapping.Interfaces", "Mapping.Interfaces\Mapping.Interfaces.csproj", "{784CED00-8BC1-4DD7-9964-1D17926457A3}"
EndProject
Project("{9A19103F-16F7-4668-BE54-9A1E7A4F7556}") = "Mapping", "Mapping\Mapping.csproj", "{90665058-3ACB-40E8-B07B-938685844AF3}"
EndProject
Project("{9A19103F-16F7-4668-BE54-9A1E7A4F7556}") = "Messaging.Interfaces", "Messaging.Interfaces\Messaging.Interfaces.csproj", "{B719F04B-EF98-46DD-B146-B989A4656D71}"
EndProject
Project("{9A19103F-16F7-4668-BE54-9A1E7A4F7556}") = "Messaging", "Messaging\Messaging.csproj", "{A4C31B23-70A6-4DB2-9E05-694428915157}"
EndProject
Project("{9A19103F-16F7-4668-BE54-9A1E7A4F7556}") = "API.Interfaces", "API.Interfaces\API.Interfaces.csproj", "{18B07987-E324-4254-B7FA-0D2EEA033F28}"
EndProject
Project("{9A19103F-16F7-4668-BE54-9A1E7A4F7556}") = "API", "API\API.csproj", "{FFBC6B66-02F6-4B0B-8007-28B14BF0D507}"
EndProject
Project("{2150E333-8FDC-42A3-9474-1A3956D46DE8}") = "Services", "Services", "{4B82A02D-96B9-4095-8B85-9E9A58F8C042}"
EndProject
Project("{FAE04EC0-301F-11D3-BF4B-00C04F79EFBC}") = "IntegrationTests", "IntegrationTests\IntegrationTests.csproj", "{228113B9-74F5-4901-B73A-08997AB6A356}"
EndProject
Global
	GlobalSection(SolutionConfigurationPlatforms) = preSolution
		Debug|Any CPU = Debug|Any CPU
		Debug|x64 = Debug|x64
		Debug|x86 = Debug|x86
		Release|Any CPU = Release|Any CPU
		Release|x64 = Release|x64
		Release|x86 = Release|x86
	EndGlobalSection
	GlobalSection(ProjectConfigurationPlatforms) = postSolution
		{DA7BAD19-3D12-4957-98CF-8B3E794C70A7}.Debug|Any CPU.ActiveCfg = Debug|Any CPU
		{DA7BAD19-3D12-4957-98CF-8B3E794C70A7}.Debug|Any CPU.Build.0 = Debug|Any CPU
		{DA7BAD19-3D12-4957-98CF-8B3E794C70A7}.Debug|x64.ActiveCfg = Debug|Any CPU
		{DA7BAD19-3D12-4957-98CF-8B3E794C70A7}.Debug|x64.Build.0 = Debug|Any CPU
		{DA7BAD19-3D12-4957-98CF-8B3E794C70A7}.Debug|x86.ActiveCfg = Debug|Any CPU
		{DA7BAD19-3D12-4957-98CF-8B3E794C70A7}.Debug|x86.Build.0 = Debug|Any CPU
		{DA7BAD19-3D12-4957-98CF-8B3E794C70A7}.Release|Any CPU.ActiveCfg = Release|Any CPU
		{DA7BAD19-3D12-4957-98CF-8B3E794C70A7}.Release|Any CPU.Build.0 = Release|Any CPU
		{DA7BAD19-3D12-4957-98CF-8B3E794C70A7}.Release|x64.ActiveCfg = Release|Any CPU
		{DA7BAD19-3D12-4957-98CF-8B3E794C70A7}.Release|x64.Build.0 = Release|Any CPU
		{DA7BAD19-3D12-4957-98CF-8B3E794C70A7}.Release|x86.ActiveCfg = Release|Any CPU
		{DA7BAD19-3D12-4957-98CF-8B3E794C70A7}.Release|x86.Build.0 = Release|Any CPU
		{913E42E8-1ABF-4941-8051-72EA77029007}.Debug|Any CPU.ActiveCfg = Debug|Any CPU
		{913E42E8-1ABF-4941-8051-72EA77029007}.Debug|Any CPU.Build.0 = Debug|Any CPU
		{913E42E8-1ABF-4941-8051-72EA77029007}.Debug|x64.ActiveCfg = Debug|Any CPU
		{913E42E8-1ABF-4941-8051-72EA77029007}.Debug|x64.Build.0 = Debug|Any CPU
		{913E42E8-1ABF-4941-8051-72EA77029007}.Debug|x86.ActiveCfg = Debug|Any CPU
		{913E42E8-1ABF-4941-8051-72EA77029007}.Debug|x86.Build.0 = Debug|Any CPU
		{913E42E8-1ABF-4941-8051-72EA77029007}.Release|Any CPU.ActiveCfg = Release|Any CPU
		{913E42E8-1ABF-4941-8051-72EA77029007}.Release|Any CPU.Build.0 = Release|Any CPU
		{913E42E8-1ABF-4941-8051-72EA77029007}.Release|x64.ActiveCfg = Release|Any CPU
		{913E42E8-1ABF-4941-8051-72EA77029007}.Release|x64.Build.0 = Release|Any CPU
		{913E42E8-1ABF-4941-8051-72EA77029007}.Release|x86.ActiveCfg = Release|Any CPU
		{913E42E8-1ABF-4941-8051-72EA77029007}.Release|x86.Build.0 = Release|Any CPU
		{D3D3183D-D402-4652-BAF5-72AFD7F6E4EC}.Debug|Any CPU.ActiveCfg = Debug|Any CPU
		{D3D3183D-D402-4652-BAF5-72AFD7F6E4EC}.Debug|Any CPU.Build.0 = Debug|Any CPU
		{D3D3183D-D402-4652-BAF5-72AFD7F6E4EC}.Debug|x64.ActiveCfg = Debug|Any CPU
		{D3D3183D-D402-4652-BAF5-72AFD7F6E4EC}.Debug|x64.Build.0 = Debug|Any CPU
		{D3D3183D-D402-4652-BAF5-72AFD7F6E4EC}.Debug|x86.ActiveCfg = Debug|Any CPU
		{D3D3183D-D402-4652-BAF5-72AFD7F6E4EC}.Debug|x86.Build.0 = Debug|Any CPU
		{D3D3183D-D402-4652-BAF5-72AFD7F6E4EC}.Release|Any CPU.ActiveCfg = Release|Any CPU
		{D3D3183D-D402-4652-BAF5-72AFD7F6E4EC}.Release|Any CPU.Build.0 = Release|Any CPU
		{D3D3183D-D402-4652-BAF5-72AFD7F6E4EC}.Release|x64.ActiveCfg = Release|Any CPU
		{D3D3183D-D402-4652-BAF5-72AFD7F6E4EC}.Release|x64.Build.0 = Release|Any CPU
		{D3D3183D-D402-4652-BAF5-72AFD7F6E4EC}.Release|x86.ActiveCfg = Release|Any CPU
		{D3D3183D-D402-4652-BAF5-72AFD7F6E4EC}.Release|x86.Build.0 = Release|Any CPU
		{DA370DE5-D984-4FA6-A842-C49BA59E4C98}.Debug|Any CPU.ActiveCfg = Debug|Any CPU
		{DA370DE5-D984-4FA6-A842-C49BA59E4C98}.Debug|Any CPU.Build.0 = Debug|Any CPU
		{DA370DE5-D984-4FA6-A842-C49BA59E4C98}.Debug|x64.ActiveCfg = Debug|Any CPU
		{DA370DE5-D984-4FA6-A842-C49BA59E4C98}.Debug|x64.Build.0 = Debug|Any CPU
		{DA370DE5-D984-4FA6-A842-C49BA59E4C98}.Debug|x86.ActiveCfg = Debug|Any CPU
		{DA370DE5-D984-4FA6-A842-C49BA59E4C98}.Debug|x86.Build.0 = Debug|Any CPU
		{DA370DE5-D984-4FA6-A842-C49BA59E4C98}.Release|Any CPU.ActiveCfg = Release|Any CPU
		{DA370DE5-D984-4FA6-A842-C49BA59E4C98}.Release|Any CPU.Build.0 = Release|Any CPU
		{DA370DE5-D984-4FA6-A842-C49BA59E4C98}.Release|x64.ActiveCfg = Release|Any CPU
		{DA370DE5-D984-4FA6-A842-C49BA59E4C98}.Release|x64.Build.0 = Release|Any CPU
		{DA370DE5-D984-4FA6-A842-C49BA59E4C98}.Release|x86.ActiveCfg = Release|Any CPU
		{DA370DE5-D984-4FA6-A842-C49BA59E4C98}.Release|x86.Build.0 = Release|Any CPU
		{34ACD152-412D-45A0-A0B8-B633756DECC8}.Debug|Any CPU.ActiveCfg = Debug|Any CPU
		{34ACD152-412D-45A0-A0B8-B633756DECC8}.Debug|Any CPU.Build.0 = Debug|Any CPU
		{34ACD152-412D-45A0-A0B8-B633756DECC8}.Debug|x64.ActiveCfg = Debug|Any CPU
		{34ACD152-412D-45A0-A0B8-B633756DECC8}.Debug|x64.Build.0 = Debug|Any CPU
		{34ACD152-412D-45A0-A0B8-B633756DECC8}.Debug|x86.ActiveCfg = Debug|Any CPU
		{34ACD152-412D-45A0-A0B8-B633756DECC8}.Debug|x86.Build.0 = Debug|Any CPU
		{34ACD152-412D-45A0-A0B8-B633756DECC8}.Release|Any CPU.ActiveCfg = Release|Any CPU
		{34ACD152-412D-45A0-A0B8-B633756DECC8}.Release|Any CPU.Build.0 = Release|Any CPU
		{34ACD152-412D-45A0-A0B8-B633756DECC8}.Release|x64.ActiveCfg = Release|Any CPU
		{34ACD152-412D-45A0-A0B8-B633756DECC8}.Release|x64.Build.0 = Release|Any CPU
		{34ACD152-412D-45A0-A0B8-B633756DECC8}.Release|x86.ActiveCfg = Release|Any CPU
		{34ACD152-412D-45A0-A0B8-B633756DECC8}.Release|x86.Build.0 = Release|Any CPU
		{DB6C9A06-85B6-4544-8537-D87F186E494D}.Debug|Any CPU.ActiveCfg = Debug|Any CPU
		{DB6C9A06-85B6-4544-8537-D87F186E494D}.Debug|Any CPU.Build.0 = Debug|Any CPU
		{DB6C9A06-85B6-4544-8537-D87F186E494D}.Debug|x64.ActiveCfg = Debug|Any CPU
		{DB6C9A06-85B6-4544-8537-D87F186E494D}.Debug|x64.Build.0 = Debug|Any CPU
		{DB6C9A06-85B6-4544-8537-D87F186E494D}.Debug|x86.ActiveCfg = Debug|Any CPU
		{DB6C9A06-85B6-4544-8537-D87F186E494D}.Debug|x86.Build.0 = Debug|Any CPU
		{DB6C9A06-85B6-4544-8537-D87F186E494D}.Release|Any CPU.ActiveCfg = Release|Any CPU
		{DB6C9A06-85B6-4544-8537-D87F186E494D}.Release|Any CPU.Build.0 = Release|Any CPU
		{DB6C9A06-85B6-4544-8537-D87F186E494D}.Release|x64.ActiveCfg = Release|Any CPU
		{DB6C9A06-85B6-4544-8537-D87F186E494D}.Release|x64.Build.0 = Release|Any CPU
		{DB6C9A06-85B6-4544-8537-D87F186E494D}.Release|x86.ActiveCfg = Release|Any CPU
		{DB6C9A06-85B6-4544-8537-D87F186E494D}.Release|x86.Build.0 = Release|Any CPU
		{9BEB4D0E-5609-4376-B2D1-9A8B8756520E}.Debug|Any CPU.ActiveCfg = Debug|Any CPU
		{9BEB4D0E-5609-4376-B2D1-9A8B8756520E}.Debug|Any CPU.Build.0 = Debug|Any CPU
		{9BEB4D0E-5609-4376-B2D1-9A8B8756520E}.Debug|x64.ActiveCfg = Debug|Any CPU
		{9BEB4D0E-5609-4376-B2D1-9A8B8756520E}.Debug|x64.Build.0 = Debug|Any CPU
		{9BEB4D0E-5609-4376-B2D1-9A8B8756520E}.Debug|x86.ActiveCfg = Debug|Any CPU
		{9BEB4D0E-5609-4376-B2D1-9A8B8756520E}.Debug|x86.Build.0 = Debug|Any CPU
		{9BEB4D0E-5609-4376-B2D1-9A8B8756520E}.Release|Any CPU.ActiveCfg = Release|Any CPU
		{9BEB4D0E-5609-4376-B2D1-9A8B8756520E}.Release|Any CPU.Build.0 = Release|Any CPU
		{9BEB4D0E-5609-4376-B2D1-9A8B8756520E}.Release|x64.ActiveCfg = Release|Any CPU
		{9BEB4D0E-5609-4376-B2D1-9A8B8756520E}.Release|x64.Build.0 = Release|Any CPU
		{9BEB4D0E-5609-4376-B2D1-9A8B8756520E}.Release|x86.ActiveCfg = Release|Any CPU
		{9BEB4D0E-5609-4376-B2D1-9A8B8756520E}.Release|x86.Build.0 = Release|Any CPU
		{784CED00-8BC1-4DD7-9964-1D17926457A3}.Debug|Any CPU.ActiveCfg = Debug|Any CPU
		{784CED00-8BC1-4DD7-9964-1D17926457A3}.Debug|Any CPU.Build.0 = Debug|Any CPU
		{784CED00-8BC1-4DD7-9964-1D17926457A3}.Debug|x64.ActiveCfg = Debug|Any CPU
		{784CED00-8BC1-4DD7-9964-1D17926457A3}.Debug|x64.Build.0 = Debug|Any CPU
		{784CED00-8BC1-4DD7-9964-1D17926457A3}.Debug|x86.ActiveCfg = Debug|Any CPU
		{784CED00-8BC1-4DD7-9964-1D17926457A3}.Debug|x86.Build.0 = Debug|Any CPU
		{784CED00-8BC1-4DD7-9964-1D17926457A3}.Release|Any CPU.ActiveCfg = Release|Any CPU
		{784CED00-8BC1-4DD7-9964-1D17926457A3}.Release|Any CPU.Build.0 = Release|Any CPU
		{784CED00-8BC1-4DD7-9964-1D17926457A3}.Release|x64.ActiveCfg = Release|Any CPU
		{784CED00-8BC1-4DD7-9964-1D17926457A3}.Release|x64.Build.0 = Release|Any CPU
		{784CED00-8BC1-4DD7-9964-1D17926457A3}.Release|x86.ActiveCfg = Release|Any CPU
		{784CED00-8BC1-4DD7-9964-1D17926457A3}.Release|x86.Build.0 = Release|Any CPU
		{90665058-3ACB-40E8-B07B-938685844AF3}.Debug|Any CPU.ActiveCfg = Debug|Any CPU
		{90665058-3ACB-40E8-B07B-938685844AF3}.Debug|Any CPU.Build.0 = Debug|Any CPU
		{90665058-3ACB-40E8-B07B-938685844AF3}.Debug|x64.ActiveCfg = Debug|Any CPU
		{90665058-3ACB-40E8-B07B-938685844AF3}.Debug|x64.Build.0 = Debug|Any CPU
		{90665058-3ACB-40E8-B07B-938685844AF3}.Debug|x86.ActiveCfg = Debug|Any CPU
		{90665058-3ACB-40E8-B07B-938685844AF3}.Debug|x86.Build.0 = Debug|Any CPU
		{90665058-3ACB-40E8-B07B-938685844AF3}.Release|Any CPU.ActiveCfg = Release|Any CPU
		{90665058-3ACB-40E8-B07B-938685844AF3}.Release|Any CPU.Build.0 = Release|Any CPU
		{90665058-3ACB-40E8-B07B-938685844AF3}.Release|x64.ActiveCfg = Release|Any CPU
		{90665058-3ACB-40E8-B07B-938685844AF3}.Release|x64.Build.0 = Release|Any CPU
		{90665058-3ACB-40E8-B07B-938685844AF3}.Release|x86.ActiveCfg = Release|Any CPU
		{90665058-3ACB-40E8-B07B-938685844AF3}.Release|x86.Build.0 = Release|Any CPU
		{B719F04B-EF98-46DD-B146-B989A4656D71}.Debug|Any CPU.ActiveCfg = Debug|Any CPU
		{B719F04B-EF98-46DD-B146-B989A4656D71}.Debug|Any CPU.Build.0 = Debug|Any CPU
		{B719F04B-EF98-46DD-B146-B989A4656D71}.Debug|x64.ActiveCfg = Debug|Any CPU
		{B719F04B-EF98-46DD-B146-B989A4656D71}.Debug|x64.Build.0 = Debug|Any CPU
		{B719F04B-EF98-46DD-B146-B989A4656D71}.Debug|x86.ActiveCfg = Debug|Any CPU
		{B719F04B-EF98-46DD-B146-B989A4656D71}.Debug|x86.Build.0 = Debug|Any CPU
		{B719F04B-EF98-46DD-B146-B989A4656D71}.Release|Any CPU.ActiveCfg = Release|Any CPU
		{B719F04B-EF98-46DD-B146-B989A4656D71}.Release|Any CPU.Build.0 = Release|Any CPU
		{B719F04B-EF98-46DD-B146-B989A4656D71}.Release|x64.ActiveCfg = Release|Any CPU
		{B719F04B-EF98-46DD-B146-B989A4656D71}.Release|x64.Build.0 = Release|Any CPU
		{B719F04B-EF98-46DD-B146-B989A4656D71}.Release|x86.ActiveCfg = Release|Any CPU
		{B719F04B-EF98-46DD-B146-B989A4656D71}.Release|x86.Build.0 = Release|Any CPU
		{A4C31B23-70A6-4DB2-9E05-694428915157}.Debug|Any CPU.ActiveCfg = Debug|Any CPU
		{A4C31B23-70A6-4DB2-9E05-694428915157}.Debug|Any CPU.Build.0 = Debug|Any CPU
		{A4C31B23-70A6-4DB2-9E05-694428915157}.Debug|x64.ActiveCfg = Debug|Any CPU
		{A4C31B23-70A6-4DB2-9E05-694428915157}.Debug|x64.Build.0 = Debug|Any CPU
		{A4C31B23-70A6-4DB2-9E05-694428915157}.Debug|x86.ActiveCfg = Debug|Any CPU
		{A4C31B23-70A6-4DB2-9E05-694428915157}.Debug|x86.Build.0 = Debug|Any CPU
		{A4C31B23-70A6-4DB2-9E05-694428915157}.Release|Any CPU.ActiveCfg = Release|Any CPU
		{A4C31B23-70A6-4DB2-9E05-694428915157}.Release|Any CPU.Build.0 = Release|Any CPU
		{A4C31B23-70A6-4DB2-9E05-694428915157}.Release|x64.ActiveCfg = Release|Any CPU
		{A4C31B23-70A6-4DB2-9E05-694428915157}.Release|x64.Build.0 = Release|Any CPU
		{A4C31B23-70A6-4DB2-9E05-694428915157}.Release|x86.ActiveCfg = Release|Any CPU
		{A4C31B23-70A6-4DB2-9E05-694428915157}.Release|x86.Build.0 = Release|Any CPU
		{18B07987-E324-4254-B7FA-0D2EEA033F28}.Debug|Any CPU.ActiveCfg = Debug|Any CPU
		{18B07987-E324-4254-B7FA-0D2EEA033F28}.Debug|Any CPU.Build.0 = Debug|Any CPU
		{18B07987-E324-4254-B7FA-0D2EEA033F28}.Debug|x64.ActiveCfg = Debug|Any CPU
		{18B07987-E324-4254-B7FA-0D2EEA033F28}.Debug|x64.Build.0 = Debug|Any CPU
		{18B07987-E324-4254-B7FA-0D2EEA033F28}.Debug|x86.ActiveCfg = Debug|Any CPU
		{18B07987-E324-4254-B7FA-0D2EEA033F28}.Debug|x86.Build.0 = Debug|Any CPU
		{18B07987-E324-4254-B7FA-0D2EEA033F28}.Release|Any CPU.ActiveCfg = Release|Any CPU
		{18B07987-E324-4254-B7FA-0D2EEA033F28}.Release|Any CPU.Build.0 = Release|Any CPU
		{18B07987-E324-4254-B7FA-0D2EEA033F28}.Release|x64.ActiveCfg = Release|Any CPU
		{18B07987-E324-4254-B7FA-0D2EEA033F28}.Release|x64.Build.0 = Release|Any CPU
		{18B07987-E324-4254-B7FA-0D2EEA033F28}.Release|x86.ActiveCfg = Release|Any CPU
		{18B07987-E324-4254-B7FA-0D2EEA033F28}.Release|x86.Build.0 = Release|Any CPU
		{FFBC6B66-02F6-4B0B-8007-28B14BF0D507}.Debug|Any CPU.ActiveCfg = Debug|Any CPU
		{FFBC6B66-02F6-4B0B-8007-28B14BF0D507}.Debug|Any CPU.Build.0 = Debug|Any CPU
		{FFBC6B66-02F6-4B0B-8007-28B14BF0D507}.Debug|x64.ActiveCfg = Debug|Any CPU
		{FFBC6B66-02F6-4B0B-8007-28B14BF0D507}.Debug|x64.Build.0 = Debug|Any CPU
		{FFBC6B66-02F6-4B0B-8007-28B14BF0D507}.Debug|x86.ActiveCfg = Debug|Any CPU
		{FFBC6B66-02F6-4B0B-8007-28B14BF0D507}.Debug|x86.Build.0 = Debug|Any CPU
		{FFBC6B66-02F6-4B0B-8007-28B14BF0D507}.Release|Any CPU.ActiveCfg = Release|Any CPU
		{FFBC6B66-02F6-4B0B-8007-28B14BF0D507}.Release|Any CPU.Build.0 = Release|Any CPU
		{FFBC6B66-02F6-4B0B-8007-28B14BF0D507}.Release|x64.ActiveCfg = Release|Any CPU
		{FFBC6B66-02F6-4B0B-8007-28B14BF0D507}.Release|x64.Build.0 = Release|Any CPU
		{FFBC6B66-02F6-4B0B-8007-28B14BF0D507}.Release|x86.ActiveCfg = Release|Any CPU
		{FFBC6B66-02F6-4B0B-8007-28B14BF0D507}.Release|x86.Build.0 = Release|Any CPU
		{228113B9-74F5-4901-B73A-08997AB6A356}.Debug|Any CPU.ActiveCfg = Debug|Any CPU
		{228113B9-74F5-4901-B73A-08997AB6A356}.Debug|Any CPU.Build.0 = Debug|Any CPU
		{228113B9-74F5-4901-B73A-08997AB6A356}.Debug|x64.ActiveCfg = Debug|Any CPU
		{228113B9-74F5-4901-B73A-08997AB6A356}.Debug|x64.Build.0 = Debug|Any CPU
		{228113B9-74F5-4901-B73A-08997AB6A356}.Debug|x86.ActiveCfg = Debug|Any CPU
		{228113B9-74F5-4901-B73A-08997AB6A356}.Debug|x86.Build.0 = Debug|Any CPU
		{228113B9-74F5-4901-B73A-08997AB6A356}.Release|Any CPU.ActiveCfg = Release|Any CPU
		{228113B9-74F5-4901-B73A-08997AB6A356}.Release|Any CPU.Build.0 = Release|Any CPU
		{228113B9-74F5-4901-B73A-08997AB6A356}.Release|x64.ActiveCfg = Release|Any CPU
		{228113B9-74F5-4901-B73A-08997AB6A356}.Release|x64.Build.0 = Release|Any CPU
		{228113B9-74F5-4901-B73A-08997AB6A356}.Release|x86.ActiveCfg = Release|Any CPU
		{228113B9-74F5-4901-B73A-08997AB6A356}.Release|x86.Build.0 = Release|Any CPU
	EndGlobalSection
	GlobalSection(SolutionProperties) = preSolution
		HideSolutionNode = FALSE
	EndGlobalSection
	GlobalSection(NestedProjects) = preSolution
		{913E42E8-1ABF-4941-8051-72EA77029007} = {4B82A02D-96B9-4095-8B85-9E9A58F8C042}
		{D3D3183D-D402-4652-BAF5-72AFD7F6E4EC} = {4B82A02D-96B9-4095-8B85-9E9A58F8C042}
		{DA370DE5-D984-4FA6-A842-C49BA59E4C98} = {4B82A02D-96B9-4095-8B85-9E9A58F8C042}
		{34ACD152-412D-45A0-A0B8-B633756DECC8} = {4B82A02D-96B9-4095-8B85-9E9A58F8C042}
		{DB6C9A06-85B6-4544-8537-D87F186E494D} = {4B82A02D-96B9-4095-8B85-9E9A58F8C042}
		{9BEB4D0E-5609-4376-B2D1-9A8B8756520E} = {4B82A02D-96B9-4095-8B85-9E9A58F8C042}
		{784CED00-8BC1-4DD7-9964-1D17926457A3} = {4B82A02D-96B9-4095-8B85-9E9A58F8C042}
		{90665058-3ACB-40E8-B07B-938685844AF3} = {4B82A02D-96B9-4095-8B85-9E9A58F8C042}
		{B719F04B-EF98-46DD-B146-B989A4656D71} = {4B82A02D-96B9-4095-8B85-9E9A58F8C042}
		{A4C31B23-70A6-4DB2-9E05-694428915157} = {4B82A02D-96B9-4095-8B85-9E9A58F8C042}
		{18B07987-E324-4254-B7FA-0D2EEA033F28} = {4B82A02D-96B9-4095-8B85-9E9A58F8C042}
		{FFBC6B66-02F6-4B0B-8007-28B14BF0D507} = {4B82A02D-96B9-4095-8B85-9E9A58F8C042}
	EndGlobalSection
	GlobalSection(ExtensibilityGlobals) = postSolution
		SolutionGuid = {82E8D53E-E3C5-4F08-A673-E60E133A7102}
	EndGlobalSection
EndGlobal
